
Microsoft Visual Studio Solution File, Format Version 12.00
# Visual Studio Version 17
VisualStudioVersion = 17.7.34024.191
MinimumVisualStudioVersion = 10.0.40219.1
Project("{FAE04EC0-301F-11D3-BF4B-00C04F79EFBC}") = "Projeto_8", "Projeto_8\Projeto_8.csproj", "{6A626602-1E2C-4BFF-AAC6-0AEEE6823C5F}"
EndProject
Global
	GlobalSection(SolutionConfigurationPlatforms) = preSolution
		Debug|Any CPU = Debug|Any CPU
		Release|Any CPU = Release|Any CPU
	EndGlobalSection
	GlobalSection(ProjectConfigurationPlatforms) = postSolution
		{6A626602-1E2C-4BFF-AAC6-0AEEE6823C5F}.Debug|Any CPU.ActiveCfg = Debug|Any CPU
		{6A626602-1E2C-4BFF-AAC6-0AEEE6823C5F}.Debug|Any CPU.Build.0 = Debug|Any CPU
		{6A626602-1E2C-4BFF-AAC6-0AEEE6823C5F}.Release|Any CPU.ActiveCfg = Release|Any CPU
		{6A626602-1E2C-4BFF-AAC6-0AEEE6823C5F}.Release|Any CPU.Build.0 = Release|Any CPU
	EndGlobalSection
	GlobalSection(SolutionProperties) = preSolution
		HideSolutionNode = FALSE
	EndGlobalSection
	GlobalSection(ExtensibilityGlobals) = postSolution
		SolutionGuid = {1AF324AF-24D3-4B44-A87F-FEB237D95FC7}
	EndGlobalSection
EndGlobal
